
Microsoft Visual Studio Solution File, Format Version 12.00
# Visual Studio Version 16
VisualStudioVersion = 16.0.29911.84
MinimumVisualStudioVersion = 10.0.40219.1
Project("{8BC9CEB8-8B4A-11D0-8D11-00A0C91BC942}") = "DIP_midQuiz", "DIP_midQuiz\DIP_midQuiz.vcxproj", "{3D0CA224-3959-47F1-B0F0-B509D240EDA3}"
EndProject
Global
	GlobalSection(SolutionConfigurationPlatforms) = preSolution
		Debug|x64 = Debug|x64
		Debug|x86 = Debug|x86
		Release|x64 = Release|x64
		Release|x86 = Release|x86
	EndGlobalSection
	GlobalSection(ProjectConfigurationPlatforms) = postSolution
		{3D0CA224-3959-47F1-B0F0-B509D240EDA3}.Debug|x64.ActiveCfg = Debug|x64
		{3D0CA224-3959-47F1-B0F0-B509D240EDA3}.Debug|x64.Build.0 = Debug|x64
		{3D0CA224-3959-47F1-B0F0-B509D240EDA3}.Debug|x86.ActiveCfg = Debug|Win32
		{3D0CA224-3959-47F1-B0F0-B509D240EDA3}.Debug|x86.Build.0 = Debug|Win32
		{3D0CA224-3959-47F1-B0F0-B509D240EDA3}.Release|x64.ActiveCfg = Release|x64
		{3D0CA224-3959-47F1-B0F0-B509D240EDA3}.Release|x64.Build.0 = Release|x64
		{3D0CA224-3959-47F1-B0F0-B509D240EDA3}.Release|x86.ActiveCfg = Release|Win32
		{3D0CA224-3959-47F1-B0F0-B509D240EDA3}.Release|x86.Build.0 = Release|Win32
	EndGlobalSection
	GlobalSection(SolutionProperties) = preSolution
		HideSolutionNode = FALSE
	EndGlobalSection
	GlobalSection(ExtensibilityGlobals) = postSolution
		SolutionGuid = {3E4BD57F-8127-4E49-9C82-D34B3B33C7A7}
	EndGlobalSection
EndGlobal
