
Microsoft Visual Studio Solution File, Format Version 12.00
# Visual Studio Version 16
VisualStudioVersion = 16.0.30114.105
MinimumVisualStudioVersion = 10.0.40219.1
Project("{8BC9CEB8-8B4A-11D0-8D11-00A0C91BC942}") = "Lukas_Dense_tracking_practice", "Lukas_Dense_tracking_practice\Lukas_Dense_tracking_practice.vcxproj", "{6A18BA6A-31C1-4192-B0F0-2EC1E0C935DE}"
EndProject
Global
	GlobalSection(SolutionConfigurationPlatforms) = preSolution
		Debug|x64 = Debug|x64
		Debug|x86 = Debug|x86
		Release|x64 = Release|x64
		Release|x86 = Release|x86
	EndGlobalSection
	GlobalSection(ProjectConfigurationPlatforms) = postSolution
		{6A18BA6A-31C1-4192-B0F0-2EC1E0C935DE}.Debug|x64.ActiveCfg = Debug|x64
		{6A18BA6A-31C1-4192-B0F0-2EC1E0C935DE}.Debug|x64.Build.0 = Debug|x64
		{6A18BA6A-31C1-4192-B0F0-2EC1E0C935DE}.Debug|x86.ActiveCfg = Debug|Win32
		{6A18BA6A-31C1-4192-B0F0-2EC1E0C935DE}.Debug|x86.Build.0 = Debug|Win32
		{6A18BA6A-31C1-4192-B0F0-2EC1E0C935DE}.Release|x64.ActiveCfg = Release|x64
		{6A18BA6A-31C1-4192-B0F0-2EC1E0C935DE}.Release|x64.Build.0 = Release|x64
		{6A18BA6A-31C1-4192-B0F0-2EC1E0C935DE}.Release|x86.ActiveCfg = Release|Win32
		{6A18BA6A-31C1-4192-B0F0-2EC1E0C935DE}.Release|x86.Build.0 = Release|Win32
	EndGlobalSection
	GlobalSection(SolutionProperties) = preSolution
		HideSolutionNode = FALSE
	EndGlobalSection
	GlobalSection(ExtensibilityGlobals) = postSolution
		SolutionGuid = {E3666E95-7F94-45DA-ACEF-B6773E56C062}
	EndGlobalSection
EndGlobal
